<Solution>
  <Folder Name="/Deployment/" />
  <Folder Name="/Gateway/">
    <Project Path="Gateway/Gateway.api/Gateway.api.csproj" Id="b682a445-cf9d-4250-a36e-b9fb19c03078" DisplayName="Gateway.API" />
  </Folder>
  <Folder Name="/Services/" />
  <Folder Name="/Services/Catalog/">
    <Project Path="Services/Catalog/Catalog.API/Catalog.API.csproj" />
    <Project Path="Services/Catalog/Catalog.Application/Catalog.Application.csproj" />
    <Project Path="Services/Catalog/Catalog.Core/Catalog.Core.csproj" />
    <Project Path="Services/Catalog/Catalog.Infrastructure/Catalog.Infrastructure.csproj" />
  </Folder>
  <Folder Name="/Services/Identity/">
    <Project Path="Services/Identity/Identity.API/Identity.API.csproj" />
    <Project Path="Services/Identity/Identity.Application/Identity.Application.csproj" Id="54622e3a-30df-43e8-8e0c-d563059c3264" />
    <Project Path="Services/Identity/Identity.Core/Identity.Core.csproj" Id="c2c9a5ec-d967-466d-b3ec-1291a5eaf8b7" />
    <Project Path="Services/Identity/Identity.Infrastructure/Identity.Infrastructure.csproj" Id="b7c4adf5-9a1f-46c2-8ea3-5e6cfd95619b" />
  </Folder>
  <Folder Name="/Shared/">
    <Project Path="Services/Shared/Platform/Platform.Lib.csproj" />
  </Folder>
  <Project Path="docker-compose.dcproj">
    <Build />
  </Project>
</Solution>
