<Solution>
  <Folder Name="/Deployment/" />
  <Folder Name="/Deployment/Portainer/">
    <File Path="../../../../Deployment/Portainer/docker-compose.yml" />
  </Folder>
  <Folder Name="/Gateway/" />
  <Folder Name="/Infrastructure/" />
  <Folder Name="/Infrastructure/EventBus/">
    <Project Path="Infrastructure/EventBus/EventBus.Messages/EventBus.Messages.csproj" />
  </Folder>
  <Folder Name="/Infrastructure/Grpc/">
    <File Path="Infrastructure/Grpc/discount.proto" />
  </Folder>
  <Folder Name="/Infrastructure/HttpClient/" />
  <Folder Name="/Platform/">
    <Project Path="Platform/Platform.csproj" />
  </Folder>
  <Folder Name="/Services/" />
  <Folder Name="/Services/Catalog/">
    <Project Path="Services/Catalog/Catalog.API/Catalog.API.csproj" />
    <Project Path="Services/Catalog/Catalog.Application/Catalog.Application.csproj" />
    <Project Path="Services/Catalog/Catalog.Core/Catalog.Core.csproj" />
    <Project Path="Services/Catalog/Catalog.Infrastructure/Catalog.Infrastructure.csproj" />
  </Folder>
  <Folder Name="/Services/Discount/">
    <Project Path="Services/Discount/Discount.API/Discount.API.csproj" />
  </Folder>
  <Project Path="docker-compose.dcproj">
    <Build />
  </Project>
</Solution>
