<Solution>
  <Folder Name="/Deployment/" />
  <Folder Name="/Deployment/Portainer/">
    <File Path="../../../../Deployment/Portainer/docker-compose.yml" />
  </Folder>
  <Folder Name="/Gateway/" />
  <Folder Name="/Services/" />
  <Folder Name="/Services/Catalog/">
    <Project Path="Services/Catalog/Catalog.API/Catalog.API.csproj" />
    <Project Path="Services/Catalog/Catalog.Application/Catalog.Application.csproj" />
    <Project Path="Services/Catalog/Catalog.Core/Catalog.Core.csproj" />
    <Project Path="Services/Catalog/Catalog.Infrastructure/Catalog.Infrastructure.csproj" />
  </Folder>
  <Folder Name="/Services/Discount/">
    <Project Path="Services/Discount/Discount.API/Discount.API.csproj" />
  </Folder>
  <Folder Name="/Shared/">
    <Project Path="Shared/Core/Core.csproj" Id="c03ba40f-54fc-4002-909f-5b8b43b8d1e5" />
    <Project Path="Shared/Infrastructure/Infrastructure.csproj" />
    <Project Path="Shared/Platform/Platform.csproj" />
  </Folder>
  <Project Path="docker-compose.dcproj">
    <Build />
  </Project>
</Solution>
